
Microsoft Visual Studio Solution File, Format Version 12.00
# Visual Studio Version 17
VisualStudioVersion = 17.4.33205.214
MinimumVisualStudioVersion = 10.0.40219.1
Project("{FAE04EC0-301F-11D3-BF4B-00C04F79EFBC}") = "MHCM.BL", "MHCM.BL\MHCM.BL.csproj", "{8E1750EE-161A-48CE-984C-852CD131FF85}"
EndProject
Global
	GlobalSection(SolutionConfigurationPlatforms) = preSolution
		Debug|Any CPU = Debug|Any CPU
		Release|Any CPU = Release|Any CPU
	EndGlobalSection
	GlobalSection(ProjectConfigurationPlatforms) = postSolution
		{8E1750EE-161A-48CE-984C-852CD131FF85}.Debug|Any CPU.ActiveCfg = Debug|Any CPU
		{8E1750EE-161A-48CE-984C-852CD131FF85}.Debug|Any CPU.Build.0 = Debug|Any CPU
		{8E1750EE-161A-48CE-984C-852CD131FF85}.Release|Any CPU.ActiveCfg = Release|Any CPU
		{8E1750EE-161A-48CE-984C-852CD131FF85}.Release|Any CPU.Build.0 = Release|Any CPU
	EndGlobalSection
	GlobalSection(SolutionProperties) = preSolution
		HideSolutionNode = FALSE
	EndGlobalSection
	GlobalSection(ExtensibilityGlobals) = postSolution
		SolutionGuid = {76317E1F-EF2A-41C5-987C-4CAF48E28776}
	EndGlobalSection
EndGlobal
